
Microsoft Visual Studio Solution File, Format Version 12.00
# Visual Studio Version 16
VisualStudioVersion = 16.0.28917.182
MinimumVisualStudioVersion = 10.0.40219.1
Project("{9A19103F-16F7-4668-BE54-9A1E7A4F7556}") = "MVCClientOPID", "MVCClientOPID\MVCClientOPID.csproj", "{76E3DDB9-A920-4255-960F-ED5A27683013}"
EndProject
Project("{9A19103F-16F7-4668-BE54-9A1E7A4F7556}") = "MVCClientHybrid", "MVCClientHybrid\MVCClientHybrid.csproj", "{AB71E38B-9715-41A3-B377-3ADE620A7152}"
EndProject
Project("{9A19103F-16F7-4668-BE54-9A1E7A4F7556}") = "MVCClient", "MVCClient\MVCClient.csproj", "{2FC20CFA-CAD8-42C1-86DB-52C3FBB645A7}"
EndProject
Project("{9A19103F-16F7-4668-BE54-9A1E7A4F7556}") = "ApiServerOneNew", "ApiServerOneNew\ApiServerOneNew.csproj", "{B56AB397-8846-4D89-B179-AB50CF02AFD7}"
EndProject
Project("{2150E333-8FDC-42A3-9474-1A3956D46DE8}") = "Ocelot", "Ocelot", "{365B0B3E-DA1D-4098-BD8B-77E35B3C34B6}"
EndProject
Project("{9A19103F-16F7-4668-BE54-9A1E7A4F7556}") = "OcelotGetWay", "OcelotGetWay\OcelotGetWay.csproj", "{E578AEA0-7093-4284-89B3-04CA8B476974}"
EndProject
Project("{2150E333-8FDC-42A3-9474-1A3956D46DE8}") = "Apis", "Apis", "{B7E97C29-9ECA-49F4-98CE-9F93290A0984}"
EndProject
Project("{FAE04EC0-301F-11D3-BF4B-00C04F79EFBC}") = "ApiServerTwo", "ApiServerTwo\ApiServerTwo.csproj", "{0FBDC525-7D1B-4971-B321-BA4191C98A91}"
EndProject
Global
	GlobalSection(SolutionConfigurationPlatforms) = preSolution
		Debug|Any CPU = Debug|Any CPU
		Release|Any CPU = Release|Any CPU
	EndGlobalSection
	GlobalSection(ProjectConfigurationPlatforms) = postSolution
		{76E3DDB9-A920-4255-960F-ED5A27683013}.Debug|Any CPU.ActiveCfg = Debug|Any CPU
		{76E3DDB9-A920-4255-960F-ED5A27683013}.Debug|Any CPU.Build.0 = Debug|Any CPU
		{76E3DDB9-A920-4255-960F-ED5A27683013}.Release|Any CPU.ActiveCfg = Release|Any CPU
		{76E3DDB9-A920-4255-960F-ED5A27683013}.Release|Any CPU.Build.0 = Release|Any CPU
		{AB71E38B-9715-41A3-B377-3ADE620A7152}.Debug|Any CPU.ActiveCfg = Debug|Any CPU
		{AB71E38B-9715-41A3-B377-3ADE620A7152}.Debug|Any CPU.Build.0 = Debug|Any CPU
		{AB71E38B-9715-41A3-B377-3ADE620A7152}.Release|Any CPU.ActiveCfg = Release|Any CPU
		{AB71E38B-9715-41A3-B377-3ADE620A7152}.Release|Any CPU.Build.0 = Release|Any CPU
		{2FC20CFA-CAD8-42C1-86DB-52C3FBB645A7}.Debug|Any CPU.ActiveCfg = Debug|Any CPU
		{2FC20CFA-CAD8-42C1-86DB-52C3FBB645A7}.Debug|Any CPU.Build.0 = Debug|Any CPU
		{2FC20CFA-CAD8-42C1-86DB-52C3FBB645A7}.Release|Any CPU.ActiveCfg = Release|Any CPU
		{2FC20CFA-CAD8-42C1-86DB-52C3FBB645A7}.Release|Any CPU.Build.0 = Release|Any CPU
		{B56AB397-8846-4D89-B179-AB50CF02AFD7}.Debug|Any CPU.ActiveCfg = Debug|Any CPU
		{B56AB397-8846-4D89-B179-AB50CF02AFD7}.Debug|Any CPU.Build.0 = Debug|Any CPU
		{B56AB397-8846-4D89-B179-AB50CF02AFD7}.Release|Any CPU.ActiveCfg = Release|Any CPU
		{B56AB397-8846-4D89-B179-AB50CF02AFD7}.Release|Any CPU.Build.0 = Release|Any CPU
		{E578AEA0-7093-4284-89B3-04CA8B476974}.Debug|Any CPU.ActiveCfg = Debug|Any CPU
		{E578AEA0-7093-4284-89B3-04CA8B476974}.Debug|Any CPU.Build.0 = Debug|Any CPU
		{E578AEA0-7093-4284-89B3-04CA8B476974}.Release|Any CPU.ActiveCfg = Release|Any CPU
		{E578AEA0-7093-4284-89B3-04CA8B476974}.Release|Any CPU.Build.0 = Release|Any CPU
		{0FBDC525-7D1B-4971-B321-BA4191C98A91}.Debug|Any CPU.ActiveCfg = Debug|Any CPU
		{0FBDC525-7D1B-4971-B321-BA4191C98A91}.Debug|Any CPU.Build.0 = Debug|Any CPU
		{0FBDC525-7D1B-4971-B321-BA4191C98A91}.Release|Any CPU.ActiveCfg = Release|Any CPU
		{0FBDC525-7D1B-4971-B321-BA4191C98A91}.Release|Any CPU.Build.0 = Release|Any CPU
	EndGlobalSection
	GlobalSection(SolutionProperties) = preSolution
		HideSolutionNode = FALSE
	EndGlobalSection
	GlobalSection(NestedProjects) = preSolution
		{E578AEA0-7093-4284-89B3-04CA8B476974} = {365B0B3E-DA1D-4098-BD8B-77E35B3C34B6}
		{B7E97C29-9ECA-49F4-98CE-9F93290A0984} = {365B0B3E-DA1D-4098-BD8B-77E35B3C34B6}
		{0FBDC525-7D1B-4971-B321-BA4191C98A91} = {B7E97C29-9ECA-49F4-98CE-9F93290A0984}
	EndGlobalSection
	GlobalSection(ExtensibilityGlobals) = postSolution
		SolutionGuid = {92DC38D3-6280-4685-B500-F5BA36F94347}
	EndGlobalSection
EndGlobal
